{
  "name": "temp-converter",
  "version": "1.0.0",
  "lockfileVersion": 3,
  "requires": true,
  "packages": {
    "": {
      "name": "temp-converter",
      "version": "1.0.0",
      "license": "ISC",
      "dependencies": {
        "@capacitor/android": "^7.1.0",
        "@capacitor/core": "^7.1.0",
        "@capacitor/geolocation": "^7.1.1",
        "@capacitor/local-notifications": "^7.0.0",
        "@capacitor/share": "^7.0.0"
      }
    },
    "node_modules/@capacitor/android": {
      "version": "7.1.0",
      "resolved": "https://registry.npmjs.org/@capacitor/android/-/android-7.1.0.tgz",
      "integrity": "sha512-piPgQViWOjh18H7R8wDkh5uaZ5PwRbMxGZFu39ReP8Y0nZwjS8ESUvJuBm38T+HHJnHM6MnDHmCWnW3ixKqeZw==",
      "license": "MIT",
      "peerDependencies": {
        "@capacitor/core": "^7.1.0"
      }
    },
    "node_modules/@capacitor/core": {
      "version": "7.1.0",
      "resolved": "https://registry.npmjs.org/@capacitor/core/-/core-7.1.0.tgz",
      "integrity": "sha512-I0a4C8gux5sx+HDamJjCiWHEWRdJU3hejwURFOSwJjUmAMkfkrm4hOsI0dgd+S0eCkKKKYKz9WNm7DAIvhm2zw==",
      "license": "MIT",
      "dependencies": {
        "tslib": "^2.1.0"
      }
    },
    "node_modules/@capacitor/geolocation": {
      "version": "7.1.1",
      "resolved": "https://registry.npmjs.org/@capacitor/geolocation/-/geolocation-7.1.1.tgz",
      "integrity": "sha512-DXqZBQZSAYXMVXw4YhL87tPDBf4DD3VEjSDWlaALakU29rhAsMloJdqLvxXLarm16dCEBeMKMkBdCgKKHWgkZQ==",
      "license": "MIT",
      "dependencies": {
        "@capacitor/synapse": "^1.0.1"
      },
      "peerDependencies": {
        "@capacitor/core": ">=7.0.0"
      }
    },
    "node_modules/@capacitor/local-notifications": {
      "version": "7.0.0",
      "resolved": "https://registry.npmjs.org/@capacitor/local-notifications/-/local-notifications-7.0.0.tgz",
      "integrity": "sha512-+k93w1W0hZTVxM8rjttEyUKkkHxOW776POFM4snDcwv+sAxWX+YK+oqIwNtln6N5Plp3Z9TkQS0RufwZbl7GUw==",
      "license": "MIT",
      "peerDependencies": {
        "@capacitor/core": ">=7.0.0"
      }
    },
    "node_modules/@capacitor/share": {
      "version": "7.0.0",
      "resolved": "https://registry.npmjs.org/@capacitor/share/-/share-7.0.0.tgz",
      "integrity": "sha512-UL/czyt0nr4/O88pFfBK0wP0VNxaQvAmOAtD95Q0srgtJJAdkS0bIvCuhIeVxEeyWG2TyylzzQ2rI/4nexwCyQ==",
      "license": "MIT",
      "peerDependencies": {
        "@capacitor/core": ">=7.0.0"
      }
    },
    "node_modules/@capacitor/synapse": {
      "version": "1.0.2",
      "resolved": "https://registry.npmjs.org/@capacitor/synapse/-/synapse-1.0.2.tgz",
      "integrity": "sha512-ynq39s4D2rhk+aVLWKfKfMCz9SHPKijL9tq8aFL5dG7ik7/+PvBHmg9cPHbqdvFEUSMmaGzL6cIjzkOruW7vGA==",
      "license": "ISC"
    },
    "node_modules/tslib": {
      "version": "2.8.1",
      "resolved": "https://registry.npmjs.org/tslib/-/tslib-2.8.1.tgz",
      "integrity": "sha512-oJFu94HQb+KVduSUQL7wnpmqnfmLsOA/nAh6b6EH0wCEoK0/mPeXU6c3wKDV83MkOuHPRHtSXKKU99IBazS/2w==",
      "license": "0BSD"
    }
  }
}
